
Microsoft Visual Studio Solution File, Format Version 12.00
# Visual Studio Version 17
VisualStudioVersion = 17.14.36109.1 d17.14
MinimumVisualStudioVersion = 10.0.40219.1
Project("{FAE04EC0-301F-11D3-BF4B-00C04F79EFBC}") = "SkinCareProject", "SkinCareProject\SkinCareProject.csproj", "{6BBF9A80-0311-41A1-8EB4-DF3FFD7AD507}"
EndProject
Global
	GlobalSection(SolutionConfigurationPlatforms) = preSolution
		Debug|Any CPU = Debug|Any CPU
		Release|Any CPU = Release|Any CPU
	EndGlobalSection
	GlobalSection(ProjectConfigurationPlatforms) = postSolution
		{6BBF9A80-0311-41A1-8EB4-DF3FFD7AD507}.Debug|Any CPU.ActiveCfg = Debug|Any CPU
		{6BBF9A80-0311-41A1-8EB4-DF3FFD7AD507}.Debug|Any CPU.Build.0 = Debug|Any CPU
		{6BBF9A80-0311-41A1-8EB4-DF3FFD7AD507}.Release|Any CPU.ActiveCfg = Release|Any CPU
		{6BBF9A80-0311-41A1-8EB4-DF3FFD7AD507}.Release|Any CPU.Build.0 = Release|Any CPU
	EndGlobalSection
	GlobalSection(SolutionProperties) = preSolution
		HideSolutionNode = FALSE
	EndGlobalSection
	GlobalSection(ExtensibilityGlobals) = postSolution
		SolutionGuid = {6C8CD820-7A97-40A5-8DD9-95B4C7D3F1CD}
	EndGlobalSection
EndGlobal
